
Microsoft Visual Studio Solution File, Format Version 12.00
# Visual Studio Version 17
VisualStudioVersion = 17.4.33213.308
MinimumVisualStudioVersion = 10.0.40219.1
Project("{FAE04EC0-301F-11D3-BF4B-00C04F79EFBC}") = "Calculations_Width_X_Length", "Calculations_Width_X_Length\Calculations_Width_X_Length.csproj", "{877E472D-8DB3-438F-B578-BFBFDFD07A01}"
EndProject
Global
	GlobalSection(SolutionConfigurationPlatforms) = preSolution
		Debug|Any CPU = Debug|Any CPU
		Release|Any CPU = Release|Any CPU
	EndGlobalSection
	GlobalSection(ProjectConfigurationPlatforms) = postSolution
		{877E472D-8DB3-438F-B578-BFBFDFD07A01}.Debug|Any CPU.ActiveCfg = Debug|Any CPU
		{877E472D-8DB3-438F-B578-BFBFDFD07A01}.Debug|Any CPU.Build.0 = Debug|Any CPU
		{877E472D-8DB3-438F-B578-BFBFDFD07A01}.Release|Any CPU.ActiveCfg = Release|Any CPU
		{877E472D-8DB3-438F-B578-BFBFDFD07A01}.Release|Any CPU.Build.0 = Release|Any CPU
	EndGlobalSection
	GlobalSection(SolutionProperties) = preSolution
		HideSolutionNode = FALSE
	EndGlobalSection
	GlobalSection(ExtensibilityGlobals) = postSolution
		SolutionGuid = {5137E072-C677-42B4-B225-04B37735D506}
	EndGlobalSection
EndGlobal
